// !$*UTF8*$!
{
	archiveVersion = 1;
	classes = {
	};
	objectVersion = 50;
	objects = {

/* Begin PBXBuildFile section */
		3A8F011D24C4660E006E4734 /* AppDelegate.swift in Sources */ = {isa = PBXBuildFile; fileRef = 3A8F011C24C4660E006E4734 /* AppDelegate.swift */; };
		3A8F011F24C4660E006E4734 /* SceneDelegate.swift in Sources */ = {isa = PBXBuildFile; fileRef = 3A8F011E24C4660E006E4734 /* SceneDelegate.swift */; };
		3A8F012124C4660E006E4734 /* InfoViewController.swift in Sources */ = {isa = PBXBuildFile; fileRef = 3A8F012024C4660E006E4734 /* InfoViewController.swift */; };
		3A8F012324C4660E006E4734 /* FeedsViewController.swift in Sources */ = {isa = PBXBuildFile; fileRef = 3A8F012224C4660E006E4734 /* FeedsViewController.swift */; };
		3A8F012624C4660E006E4734 /* Main.storyboard in Resources */ = {isa = PBXBuildFile; fileRef = 3A8F012424C4660E006E4734 /* Main.storyboard */; };
		3A8F012824C46612006E4734 /* Assets.xcassets in Resources */ = {isa = PBXBuildFile; fileRef = 3A8F012724C46612006E4734 /* Assets.xcassets */; };
		3A8F012B24C46612006E4734 /* LaunchScreen.storyboard in Resources */ = {isa = PBXBuildFile; fileRef = 3A8F012924C46612006E4734 /* LaunchScreen.storyboard */; };
		3A8F013424C4843D006E4734 /* Feeds.storyboard in Resources */ = {isa = PBXBuildFile; fileRef = 3A8F013224C4843D006E4734 /* Feeds.storyboard */; };
		3A8F013824C4B297006E4734 /* NetworkManager.swift in Sources */ = {isa = PBXBuildFile; fileRef = 3A8F013724C4B297006E4734 /* NetworkManager.swift */; };
		3A8F013A24C5EDB2006E4734 /* LifeStyleRSSXMLDelegate.swift in Sources */ = {isa = PBXBuildFile; fileRef = 3A8F013924C5EDB2006E4734 /* LifeStyleRSSXMLDelegate.swift */; };
		3A8F013E24C5F5A6006E4734 /* LifeStyleViewController.swift in Sources */ = {isa = PBXBuildFile; fileRef = 3A8F013D24C5F5A6006E4734 /* LifeStyleViewController.swift */; };
		3A8F014124C5FA55006E4734 /* LifeStyleModel.swift in Sources */ = {isa = PBXBuildFile; fileRef = 3A8F014024C5FA55006E4734 /* LifeStyleModel.swift */; };
		3A8F014424C5FB65006E4734 /* StorageManager.swift in Sources */ = {isa = PBXBuildFile; fileRef = 3A8F014324C5FB65006E4734 /* StorageManager.swift */; };
/* End PBXBuildFile section */

/* Begin PBXFileReference section */
		3A8F011924C4660E006E4734 /* Lago.app */ = {isa = PBXFileReference; explicitFileType = wrapper.application; includeInIndex = 0; path = Lago.app; sourceTree = BUILT_PRODUCTS_DIR; };
		3A8F011C24C4660E006E4734 /* AppDelegate.swift */ = {isa = PBXFileReference; lastKnownFileType = sourcecode.swift; path = AppDelegate.swift; sourceTree = "<group>"; };
		3A8F011E24C4660E006E4734 /* SceneDelegate.swift */ = {isa = PBXFileReference; lastKnownFileType = sourcecode.swift; path = SceneDelegate.swift; sourceTree = "<group>"; };
		3A8F012024C4660E006E4734 /* InfoViewController.swift */ = {isa = PBXFileReference; lastKnownFileType = sourcecode.swift; path = InfoViewController.swift; sourceTree = "<group>"; };
		3A8F012224C4660E006E4734 /* FeedsViewController.swift */ = {isa = PBXFileReference; lastKnownFileType = sourcecode.swift; path = FeedsViewController.swift; sourceTree = "<group>"; };
		3A8F012524C4660E006E4734 /* Base */ = {isa = PBXFileReference; lastKnownFileType = file.storyboard; name = Base; path = Base.lproj/Main.storyboard; sourceTree = "<group>"; };
		3A8F012724C46612006E4734 /* Assets.xcassets */ = {isa = PBXFileReference; lastKnownFileType = folder.assetcatalog; path = Assets.xcassets; sourceTree = "<group>"; };
		3A8F012A24C46612006E4734 /* Base */ = {isa = PBXFileReference; lastKnownFileType = file.storyboard; name = Base; path = Base.lproj/LaunchScreen.storyboard; sourceTree = "<group>"; };
		3A8F012C24C46612006E4734 /* Info.plist */ = {isa = PBXFileReference; lastKnownFileType = text.plist.xml; path = Info.plist; sourceTree = "<group>"; };
		3A8F013324C4843D006E4734 /* Base */ = {isa = PBXFileReference; lastKnownFileType = file.storyboard; name = Base; path = Lago/Base.lproj/Feeds.storyboard; sourceTree = "<group>"; };
		3A8F013724C4B297006E4734 /* NetworkManager.swift */ = {isa = PBXFileReference; lastKnownFileType = sourcecode.swift; path = NetworkManager.swift; sourceTree = "<group>"; };
		3A8F013924C5EDB2006E4734 /* LifeStyleRSSXMLDelegate.swift */ = {isa = PBXFileReference; lastKnownFileType = sourcecode.swift; path = LifeStyleRSSXMLDelegate.swift; sourceTree = "<group>"; };
		3A8F013D24C5F5A6006E4734 /* LifeStyleViewController.swift */ = {isa = PBXFileReference; lastKnownFileType = sourcecode.swift; path = LifeStyleViewController.swift; sourceTree = "<group>"; };
		3A8F014024C5FA55006E4734 /* LifeStyleModel.swift */ = {isa = PBXFileReference; lastKnownFileType = sourcecode.swift; path = LifeStyleModel.swift; sourceTree = "<group>"; };
		3A8F014324C5FB65006E4734 /* StorageManager.swift */ = {isa = PBXFileReference; lastKnownFileType = sourcecode.swift; path = StorageManager.swift; sourceTree = "<group>"; };
/* End PBXFileReference section */

/* Begin PBXFrameworksBuildPhase section */
		3A8F011624C4660E006E4734 /* Frameworks */ = {
			isa = PBXFrameworksBuildPhase;
			buildActionMask = 2147483647;
			files = (
			);
			runOnlyForDeploymentPostprocessing = 0;
		};
/* End PBXFrameworksBuildPhase section */

/* Begin PBXGroup section */
		3A8F011024C4660E006E4734 = {
			isa = PBXGroup;
			children = (
				3A8F011B24C4660E006E4734 /* Lago */,
				3A8F011A24C4660E006E4734 /* Products */,
			);
			sourceTree = "<group>";
		};
		3A8F011A24C4660E006E4734 /* Products */ = {
			isa = PBXGroup;
			children = (
				3A8F011924C4660E006E4734 /* Lago.app */,
			);
			name = Products;
			sourceTree = "<group>";
		};
		3A8F011B24C4660E006E4734 /* Lago */ = {
			isa = PBXGroup;
			children = (
				3A8F011C24C4660E006E4734 /* AppDelegate.swift */,
				3A8F011E24C4660E006E4734 /* SceneDelegate.swift */,
				3A8F014224C5FA74006E4734 /* Models */,
				3A8F014524C5FB74006E4734 /* Storage */,
				3A8F013B24C5F574006E4734 /* Network */,
				3A8F013C24C5F583006E4734 /* XML parsers */,
				3A8F013524C4B220006E4734 /* ViewControllers */,
				3A8F013624C4B22F006E4734 /* Storyboards */,
				3A8F012724C46612006E4734 /* Assets.xcassets */,
				3A8F012924C46612006E4734 /* LaunchScreen.storyboard */,
				3A8F012C24C46612006E4734 /* Info.plist */,
			);
			path = Lago;
			sourceTree = "<group>";
		};
		3A8F013524C4B220006E4734 /* ViewControllers */ = {
			isa = PBXGroup;
			children = (
				3A8F012024C4660E006E4734 /* InfoViewController.swift */,
				3A8F013F24C5F5B5006E4734 /* Feed view controllers */,
			);
			path = ViewControllers;
			sourceTree = "<group>";
		};
		3A8F013624C4B22F006E4734 /* Storyboards */ = {
			isa = PBXGroup;
			children = (
				3A8F013224C4843D006E4734 /* Feeds.storyboard */,
				3A8F012424C4660E006E4734 /* Main.storyboard */,
			);
			path = Storyboards;
			sourceTree = "<group>";
		};
		3A8F013B24C5F574006E4734 /* Network */ = {
			isa = PBXGroup;
			children = (
				3A8F013724C4B297006E4734 /* NetworkManager.swift */,
			);
			path = Network;
			sourceTree = "<group>";
		};
		3A8F013C24C5F583006E4734 /* XML parsers */ = {
			isa = PBXGroup;
			children = (
				3A8F013924C5EDB2006E4734 /* LifeStyleRSSXMLDelegate.swift */,
			);
			path = "XML parsers";
			sourceTree = "<group>";
		};
		3A8F013F24C5F5B5006E4734 /* Feed view controllers */ = {
			isa = PBXGroup;
			children = (
				3A8F012224C4660E006E4734 /* FeedsViewController.swift */,
				3A8F013D24C5F5A6006E4734 /* LifeStyleViewController.swift */,
			);
			path = "Feed view controllers";
			sourceTree = "<group>";
		};
		3A8F014224C5FA74006E4734 /* Models */ = {
			isa = PBXGroup;
			children = (
				3A8F014024C5FA55006E4734 /* LifeStyleModel.swift */,
			);
			path = Models;
			sourceTree = "<group>";
		};
		3A8F014524C5FB74006E4734 /* Storage */ = {
			isa = PBXGroup;
			children = (
				3A8F014324C5FB65006E4734 /* StorageManager.swift */,
			);
			path = Storage;
			sourceTree = "<group>";
		};
/* End PBXGroup section */

/* Begin PBXNativeTarget section */
		3A8F011824C4660E006E4734 /* Lago */ = {
			isa = PBXNativeTarget;
			buildConfigurationList = 3A8F012F24C46612006E4734 /* Build configuration list for PBXNativeTarget "Lago" */;
			buildPhases = (
				3A8F011524C4660E006E4734 /* Sources */,
				3A8F011624C4660E006E4734 /* Frameworks */,
				3A8F011724C4660E006E4734 /* Resources */,
			);
			buildRules = (
			);
			dependencies = (
			);
			name = Lago;
			productName = Lago;
			productReference = 3A8F011924C4660E006E4734 /* Lago.app */;
			productType = "com.apple.product-type.application";
		};
/* End PBXNativeTarget section */

/* Begin PBXProject section */
		3A8F011124C4660E006E4734 /* Project object */ = {
			isa = PBXProject;
			attributes = {
				LastSwiftUpdateCheck = 1130;
				LastUpgradeCheck = 1130;
				ORGANIZATIONNAME = LUX;
				TargetAttributes = {
					3A8F011824C4660E006E4734 = {
						CreatedOnToolsVersion = 11.3.1;
					};
				};
			};
			buildConfigurationList = 3A8F011424C4660E006E4734 /* Build configuration list for PBXProject "Lago" */;
			compatibilityVersion = "Xcode 9.3";
			developmentRegion = en;
			hasScannedForEncodings = 0;
			knownRegions = (
				en,
				Base,
			);
			mainGroup = 3A8F011024C4660E006E4734;
			productRefGroup = 3A8F011A24C4660E006E4734 /* Products */;
			projectDirPath = "";
			projectRoot = "";
			targets = (
				3A8F011824C4660E006E4734 /* Lago */,
			);
		};
/* End PBXProject section */

/* Begin PBXResourcesBuildPhase section */
		3A8F011724C4660E006E4734 /* Resources */ = {
			isa = PBXResourcesBuildPhase;
			buildActionMask = 2147483647;
			files = (
				3A8F012B24C46612006E4734 /* LaunchScreen.storyboard in Resources */,
				3A8F012824C46612006E4734 /* Assets.xcassets in Resources */,
				3A8F013424C4843D006E4734 /* Feeds.storyboard in Resources */,
				3A8F012624C4660E006E4734 /* Main.storyboard in Resources */,
			);
			runOnlyForDeploymentPostprocessing = 0;
		};
/* End PBXResourcesBuildPhase section */

/* Begin PBXSourcesBuildPhase section */
		3A8F011524C4660E006E4734 /* Sources */ = {
			isa = PBXSourcesBuildPhase;
			buildActionMask = 2147483647;
			files = (
				3A8F012324C4660E006E4734 /* FeedsViewController.swift in Sources */,
				3A8F014124C5FA55006E4734 /* LifeStyleModel.swift in Sources */,
				3A8F013A24C5EDB2006E4734 /* LifeStyleRSSXMLDelegate.swift in Sources */,
				3A8F014424C5FB65006E4734 /* StorageManager.swift in Sources */,
				3A8F012124C4660E006E4734 /* InfoViewController.swift in Sources */,
				3A8F013824C4B297006E4734 /* NetworkManager.swift in Sources */,
				3A8F011D24C4660E006E4734 /* AppDelegate.swift in Sources */,
				3A8F011F24C4660E006E4734 /* SceneDelegate.swift in Sources */,
				3A8F013E24C5F5A6006E4734 /* LifeStyleViewController.swift in Sources */,
			);
			runOnlyForDeploymentPostprocessing = 0;
		};
/* End PBXSourcesBuildPhase section */

/* Begin PBXVariantGroup section */
		3A8F012424C4660E006E4734 /* Main.storyboard */ = {
			isa = PBXVariantGroup;
			children = (
				3A8F012524C4660E006E4734 /* Base */,
			);
			name = Main.storyboard;
			sourceTree = "<group>";
		};
		3A8F012924C46612006E4734 /* LaunchScreen.storyboard */ = {
			isa = PBXVariantGroup;
			children = (
				3A8F012A24C46612006E4734 /* Base */,
			);
			name = LaunchScreen.storyboard;
			sourceTree = "<group>";
		};
		3A8F013224C4843D006E4734 /* Feeds.storyboard */ = {
			isa = PBXVariantGroup;
			children = (
				3A8F013324C4843D006E4734 /* Base */,
			);
			name = Feeds.storyboard;
			sourceTree = "<group>";
		};
/* End PBXVariantGroup section */

/* Begin XCBuildConfiguration section */
		3A8F012D24C46612006E4734 /* Debug */ = {
			isa = XCBuildConfiguration;
			buildSettings = {
				ALWAYS_SEARCH_USER_PATHS = NO;
				CLANG_ANALYZER_NONNULL = YES;
				CLANG_ANALYZER_NUMBER_OBJECT_CONVERSION = YES_AGGRESSIVE;
				CLANG_CXX_LANGUAGE_STANDARD = "gnu++14";
				CLANG_CXX_LIBRARY = "libc++";
				CLANG_ENABLE_MODULES = YES;
				CLANG_ENABLE_OBJC_ARC = YES;
				CLANG_ENABLE_OBJC_WEAK = YES;
				CLANG_WARN_BLOCK_CAPTURE_AUTORELEASING = YES;
				CLANG_WARN_BOOL_CONVERSION = YES;
				CLANG_WARN_COMMA = YES;
				CLANG_WARN_CONSTANT_CONVERSION = YES;
				CLANG_WARN_DEPRECATED_OBJC_IMPLEMENTATIONS = YES;
				CLANG_WARN_DIRECT_OBJC_ISA_USAGE = YES_ERROR;
				CLANG_WARN_DOCUMENTATION_COMMENTS = YES;
				CLANG_WARN_EMPTY_BODY = YES;
				CLANG_WARN_ENUM_CONVERSION = YES;
				CLANG_WARN_INFINITE_RECURSION = YES;
				CLANG_WARN_INT_CONVERSION = YES;
				CLANG_WARN_NON_LITERAL_NULL_CONVERSION = YES;
				CLANG_WARN_OBJC_IMPLICIT_RETAIN_SELF = YES;
				CLANG_WARN_OBJC_LITERAL_CONVERSION = YES;
				CLANG_WARN_OBJC_ROOT_CLASS = YES_ERROR;
				CLANG_WARN_RANGE_LOOP_ANALYSIS = YES;
				CLANG_WARN_STRICT_PROTOTYPES = YES;
				CLANG_WARN_SUSPICIOUS_MOVE = YES;
				CLANG_WARN_UNGUARDED_AVAILABILITY = YES_AGGRESSIVE;
				CLANG_WARN_UNREACHABLE_CODE = YES;
				CLANG_WARN__DUPLICATE_METHOD_MATCH = YES;
				COPY_PHASE_STRIP = NO;
				DEBUG_INFORMATION_FORMAT = dwarf;
				ENABLE_STRICT_OBJC_MSGSEND = YES;
				ENABLE_TESTABILITY = YES;
				GCC_C_LANGUAGE_STANDARD = gnu11;
				GCC_DYNAMIC_NO_PIC = NO;
				GCC_NO_COMMON_BLOCKS = YES;
				GCC_OPTIMIZATION_LEVEL = 0;
				GCC_PREPROCESSOR_DEFINITIONS = (
					"DEBUG=1",
					"$(inherited)",
				);
				GCC_WARN_64_TO_32_BIT_CONVERSION = YES;
				GCC_WARN_ABOUT_RETURN_TYPE = YES_ERROR;
				GCC_WARN_UNDECLARED_SELECTOR = YES;
				GCC_WARN_UNINITIALIZED_AUTOS = YES_AGGRESSIVE;
				GCC_WARN_UNUSED_FUNCTION = YES;
				GCC_WARN_UNUSED_VARIABLE = YES;
				IPHONEOS_DEPLOYMENT_TARGET = 13.2;
				MTL_ENABLE_DEBUG_INFO = INCLUDE_SOURCE;
				MTL_FAST_MATH = YES;
				ONLY_ACTIVE_ARCH = YES;
				SDKROOT = iphoneos;
				SWIFT_ACTIVE_COMPILATION_CONDITIONS = DEBUG;
				SWIFT_OPTIMIZATION_LEVEL = "-Onone";
			};
			name = Debug;
		};
		3A8F012E24C46612006E4734 /* Release */ = {
			isa = XCBuildConfiguration;
			buildSettings = {
				ALWAYS_SEARCH_USER_PATHS = NO;
				CLANG_ANALYZER_NONNULL = YES;
				CLANG_ANALYZER_NUMBER_OBJECT_CONVERSION = YES_AGGRESSIVE;
				CLANG_CXX_LANGUAGE_STANDARD = "gnu++14";
				CLANG_CXX_LIBRARY = "libc++";
				CLANG_ENABLE_MODULES = YES;
				CLANG_ENABLE_OBJC_ARC = YES;
				CLANG_ENABLE_OBJC_WEAK = YES;
				CLANG_WARN_BLOCK_CAPTURE_AUTORELEASING = YES;
				CLANG_WARN_BOOL_CONVERSION = YES;
				CLANG_WARN_COMMA = YES;
				CLANG_WARN_CONSTANT_CONVERSION = YES;
				CLANG_WARN_DEPRECATED_OBJC_IMPLEMENTATIONS = YES;
				CLANG_WARN_DIRECT_OBJC_ISA_USAGE = YES_ERROR;
				CLANG_WARN_DOCUMENTATION_COMMENTS = YES;
				CLANG_WARN_EMPTY_BODY = YES;
				CLANG_WARN_ENUM_CONVERSION = YES;
				CLANG_WARN_INFINITE_RECURSION = YES;
				CLANG_WARN_INT_CONVERSION = YES;
				CLANG_WARN_NON_LITERAL_NULL_CONVERSION = YES;
				CLANG_WARN_OBJC_IMPLICIT_RETAIN_SELF = YES;
				CLANG_WARN_OBJC_LITERAL_CONVERSION = YES;
				CLANG_WARN_OBJC_ROOT_CLASS = YES_ERROR;
				CLANG_WARN_RANGE_LOOP_ANALYSIS = YES;
				CLANG_WARN_STRICT_PROTOTYPES = YES;
				CLANG_WARN_SUSPICIOUS_MOVE = YES;
				CLANG_WARN_UNGUARDED_AVAILABILITY = YES_AGGRESSIVE;
				CLANG_WARN_UNREACHABLE_CODE = YES;
				CLANG_WARN__DUPLICATE_METHOD_MATCH = YES;
				COPY_PHASE_STRIP = NO;
				DEBUG_INFORMATION_FORMAT = "dwarf-with-dsym";
				ENABLE_NS_ASSERTIONS = NO;
				ENABLE_STRICT_OBJC_MSGSEND = YES;
				GCC_C_LANGUAGE_STANDARD = gnu11;
				GCC_NO_COMMON_BLOCKS = YES;
				GCC_WARN_64_TO_32_BIT_CONVERSION = YES;
				GCC_WARN_ABOUT_RETURN_TYPE = YES_ERROR;
				GCC_WARN_UNDECLARED_SELECTOR = YES;
				GCC_WARN_UNINITIALIZED_AUTOS = YES_AGGRESSIVE;
				GCC_WARN_UNUSED_FUNCTION = YES;
				GCC_WARN_UNUSED_VARIABLE = YES;
				IPHONEOS_DEPLOYMENT_TARGET = 13.2;
				MTL_ENABLE_DEBUG_INFO = NO;
				MTL_FAST_MATH = YES;
				SDKROOT = iphoneos;
				SWIFT_COMPILATION_MODE = wholemodule;
				SWIFT_OPTIMIZATION_LEVEL = "-O";
				VALIDATE_PRODUCT = YES;
			};
			name = Release;
		};
		3A8F013024C46612006E4734 /* Debug */ = {
			isa = XCBuildConfiguration;
			buildSettings = {
				ASSETCATALOG_COMPILER_APPICON_NAME = AppIcon;
				CODE_SIGN_STYLE = Automatic;
				DEVELOPMENT_TEAM = 68UNY3942R;
				INFOPLIST_FILE = Lago/Info.plist;
				LD_RUNPATH_SEARCH_PATHS = (
					"$(inherited)",
					"@executable_path/Frameworks",
				);
				PRODUCT_BUNDLE_IDENTIFIER = com.Lago.Lago;
				PRODUCT_NAME = "$(TARGET_NAME)";
				SWIFT_VERSION = 5.0;
				TARGETED_DEVICE_FAMILY = "1,2";
			};
			name = Debug;
		};
		3A8F013124C46612006E4734 /* Release */ = {
			isa = XCBuildConfiguration;
			buildSettings = {
				ASSETCATALOG_COMPILER_APPICON_NAME = AppIcon;
				CODE_SIGN_STYLE = Automatic;
				DEVELOPMENT_TEAM = 68UNY3942R;
				INFOPLIST_FILE = Lago/Info.plist;
				LD_RUNPATH_SEARCH_PATHS = (
					"$(inherited)",
					"@executable_path/Frameworks",
				);
				PRODUCT_BUNDLE_IDENTIFIER = com.Lago.Lago;
				PRODUCT_NAME = "$(TARGET_NAME)";
				SWIFT_VERSION = 5.0;
				TARGETED_DEVICE_FAMILY = "1,2";
			};
			name = Release;
		};
/* End XCBuildConfiguration section */

/* Begin XCConfigurationList section */
		3A8F011424C4660E006E4734 /* Build configuration list for PBXProject "Lago" */ = {
			isa = XCConfigurationList;
			buildConfigurations = (
				3A8F012D24C46612006E4734 /* Debug */,
				3A8F012E24C46612006E4734 /* Release */,
			);
			defaultConfigurationIsVisible = 0;
			defaultConfigurationName = Release;
		};
		3A8F012F24C46612006E4734 /* Build configuration list for PBXNativeTarget "Lago" */ = {
			isa = XCConfigurationList;
			buildConfigurations = (
				3A8F013024C46612006E4734 /* Debug */,
				3A8F013124C46612006E4734 /* Release */,
			);
			defaultConfigurationIsVisible = 0;
			defaultConfigurationName = Release;
		};
/* End XCConfigurationList section */
	};
	rootObject = 3A8F011124C4660E006E4734 /* Project object */;
}
